
Microsoft Visual Studio Solution File, Format Version 12.00
# Visual Studio Version 17
VisualStudioVersion = 17.6.33829.357
MinimumVisualStudioVersion = 10.0.40219.1
Project("{FAE04EC0-301F-11D3-BF4B-00C04F79EFBC}") = "ConsoleBlackjack", "ConsoleBlackjack.csproj", "{FD30F902-8ED2-45A4-A5E2-9561B1E0A31D}"
EndProject
Global
	GlobalSection(SolutionConfigurationPlatforms) = preSolution
		Debug|Any CPU = Debug|Any CPU
		Release|Any CPU = Release|Any CPU
	EndGlobalSection
	GlobalSection(ProjectConfigurationPlatforms) = postSolution
		{FD30F902-8ED2-45A4-A5E2-9561B1E0A31D}.Debug|Any CPU.ActiveCfg = Debug|Any CPU
		{FD30F902-8ED2-45A4-A5E2-9561B1E0A31D}.Debug|Any CPU.Build.0 = Debug|Any CPU
		{FD30F902-8ED2-45A4-A5E2-9561B1E0A31D}.Release|Any CPU.ActiveCfg = Release|Any CPU
		{FD30F902-8ED2-45A4-A5E2-9561B1E0A31D}.Release|Any CPU.Build.0 = Release|Any CPU
	EndGlobalSection
	GlobalSection(SolutionProperties) = preSolution
		HideSolutionNode = FALSE
	EndGlobalSection
	GlobalSection(ExtensibilityGlobals) = postSolution
		SolutionGuid = {3BF34C83-EE18-4BD4-BA6B-731800F316AA}
	EndGlobalSection
EndGlobal
